
Microsoft Visual Studio Solution File, Format Version 12.00
# Visual Studio 15
VisualStudioVersion = 15.0.26124.0
MinimumVisualStudioVersion = 15.0.26124.0
Project("{2150E333-8FDC-42A3-9474-1A3956D46DE8}") = "src", "src", "{8C60980E-2ED6-42D5-9ABC-FB78181549AD}"
EndProject
Project("{FAE04EC0-301F-11D3-BF4B-00C04F79EFBC}") = "CommandAPI", "src\CommandAPI\CommandAPI.csproj", "{05DFF7EF-F3D3-4EF9-B851-B5D0DED245F1}"
EndProject
Project("{2150E333-8FDC-42A3-9474-1A3956D46DE8}") = "test", "test", "{71A87A90-C1C4-480E-A770-94D723AE2E9C}"
EndProject
Project("{FAE04EC0-301F-11D3-BF4B-00C04F79EFBC}") = "CommandAPI.Tests", "test\CommandAPI.Tests\CommandAPI.Tests.csproj", "{FB54ED0E-AC96-42E9-8135-98EDF8F1D4E3}"
EndProject
Global
	GlobalSection(SolutionConfigurationPlatforms) = preSolution
		Debug|Any CPU = Debug|Any CPU
		Debug|x64 = Debug|x64
		Debug|x86 = Debug|x86
		Release|Any CPU = Release|Any CPU
		Release|x64 = Release|x64
		Release|x86 = Release|x86
	EndGlobalSection
	GlobalSection(SolutionProperties) = preSolution
		HideSolutionNode = FALSE
	EndGlobalSection
	GlobalSection(ProjectConfigurationPlatforms) = postSolution
		{05DFF7EF-F3D3-4EF9-B851-B5D0DED245F1}.Debug|Any CPU.ActiveCfg = Debug|Any CPU
		{05DFF7EF-F3D3-4EF9-B851-B5D0DED245F1}.Debug|Any CPU.Build.0 = Debug|Any CPU
		{05DFF7EF-F3D3-4EF9-B851-B5D0DED245F1}.Debug|x64.ActiveCfg = Debug|Any CPU
		{05DFF7EF-F3D3-4EF9-B851-B5D0DED245F1}.Debug|x64.Build.0 = Debug|Any CPU
		{05DFF7EF-F3D3-4EF9-B851-B5D0DED245F1}.Debug|x86.ActiveCfg = Debug|Any CPU
		{05DFF7EF-F3D3-4EF9-B851-B5D0DED245F1}.Debug|x86.Build.0 = Debug|Any CPU
		{05DFF7EF-F3D3-4EF9-B851-B5D0DED245F1}.Release|Any CPU.ActiveCfg = Release|Any CPU
		{05DFF7EF-F3D3-4EF9-B851-B5D0DED245F1}.Release|Any CPU.Build.0 = Release|Any CPU
		{05DFF7EF-F3D3-4EF9-B851-B5D0DED245F1}.Release|x64.ActiveCfg = Release|Any CPU
		{05DFF7EF-F3D3-4EF9-B851-B5D0DED245F1}.Release|x64.Build.0 = Release|Any CPU
		{05DFF7EF-F3D3-4EF9-B851-B5D0DED245F1}.Release|x86.ActiveCfg = Release|Any CPU
		{05DFF7EF-F3D3-4EF9-B851-B5D0DED245F1}.Release|x86.Build.0 = Release|Any CPU
		{FB54ED0E-AC96-42E9-8135-98EDF8F1D4E3}.Debug|Any CPU.ActiveCfg = Debug|Any CPU
		{FB54ED0E-AC96-42E9-8135-98EDF8F1D4E3}.Debug|Any CPU.Build.0 = Debug|Any CPU
		{FB54ED0E-AC96-42E9-8135-98EDF8F1D4E3}.Debug|x64.ActiveCfg = Debug|Any CPU
		{FB54ED0E-AC96-42E9-8135-98EDF8F1D4E3}.Debug|x64.Build.0 = Debug|Any CPU
		{FB54ED0E-AC96-42E9-8135-98EDF8F1D4E3}.Debug|x86.ActiveCfg = Debug|Any CPU
		{FB54ED0E-AC96-42E9-8135-98EDF8F1D4E3}.Debug|x86.Build.0 = Debug|Any CPU
		{FB54ED0E-AC96-42E9-8135-98EDF8F1D4E3}.Release|Any CPU.ActiveCfg = Release|Any CPU
		{FB54ED0E-AC96-42E9-8135-98EDF8F1D4E3}.Release|Any CPU.Build.0 = Release|Any CPU
		{FB54ED0E-AC96-42E9-8135-98EDF8F1D4E3}.Release|x64.ActiveCfg = Release|Any CPU
		{FB54ED0E-AC96-42E9-8135-98EDF8F1D4E3}.Release|x64.Build.0 = Release|Any CPU
		{FB54ED0E-AC96-42E9-8135-98EDF8F1D4E3}.Release|x86.ActiveCfg = Release|Any CPU
		{FB54ED0E-AC96-42E9-8135-98EDF8F1D4E3}.Release|x86.Build.0 = Release|Any CPU
	EndGlobalSection
	GlobalSection(NestedProjects) = preSolution
		{05DFF7EF-F3D3-4EF9-B851-B5D0DED245F1} = {8C60980E-2ED6-42D5-9ABC-FB78181549AD}
		{FB54ED0E-AC96-42E9-8135-98EDF8F1D4E3} = {71A87A90-C1C4-480E-A770-94D723AE2E9C}
	EndGlobalSection
EndGlobal
